
Microsoft Visual Studio Solution File, Format Version 12.00
# Visual Studio Version 17
VisualStudioVersion = 17.14.36623.8 d17.14
MinimumVisualStudioVersion = 10.0.40219.1
Project("{FAE04EC0-301F-11D3-BF4B-00C04F79EFBC}") = "EcoTrack", "EcoTrack\EcoTrack.csproj", "{55A758A8-FD49-4C57-8D97-253AD938C34B}"
EndProject
Global
	GlobalSection(SolutionConfigurationPlatforms) = preSolution
		Debug|Any CPU = Debug|Any CPU
		Release|Any CPU = Release|Any CPU
	EndGlobalSection
	GlobalSection(ProjectConfigurationPlatforms) = postSolution
		{55A758A8-FD49-4C57-8D97-253AD938C34B}.Debug|Any CPU.ActiveCfg = Debug|Any CPU
		{55A758A8-FD49-4C57-8D97-253AD938C34B}.Debug|Any CPU.Build.0 = Debug|Any CPU
		{55A758A8-FD49-4C57-8D97-253AD938C34B}.Release|Any CPU.ActiveCfg = Release|Any CPU
		{55A758A8-FD49-4C57-8D97-253AD938C34B}.Release|Any CPU.Build.0 = Release|Any CPU
	EndGlobalSection
	GlobalSection(SolutionProperties) = preSolution
		HideSolutionNode = FALSE
	EndGlobalSection
	GlobalSection(ExtensibilityGlobals) = postSolution
		SolutionGuid = {943AF6DD-4D25-452A-9493-89AB18222E71}
	EndGlobalSection
EndGlobal
